webtyp.com/files v0.0.2 h1:hbJJdGgu+8JpgUIBpskZar6Adlr3CIbPIEA8eb7xA8I=
webtyp.com/files v0.0.2/go.mod h1:60eXoQBgpphr/NVhRJq1cueKzpHCzjbp0gml2uz3MQg=
webtyp.com/fmt v1.0.0 h1:W0vMMGC6ezg1q2LarAEaVnNvZ26hVqzZdQQH1wcNogM=
webtyp.com/fmt v1.0.0/go.mod h1:FmTxx713R45J21kbH5JOmKGaaCap3fJPA9Yl2n4Ch7U=
webtyp.com/time v0.5.5 h1:G7/eAGXJWVHBJqx7lO4K/Zy1FzNXqkW9X6AAhbTmj6E=
webtyp.com/time v0.5.5/go.mod h1:V6ew493Rk+an2mV77vVjytPAbtlsELVZ4O4wGqu4tUI=
